
Microsoft Visual Studio Solution File, Format Version 12.00
# Visual Studio Version 17
VisualStudioVersion = 17.14.36310.24 d17.14
MinimumVisualStudioVersion = 10.0.40219.1
Project("{FAE04EC0-301F-11D3-BF4B-00C04F79EFBC}") = "FA_8445_NicolasVEga", "FA_8445_NicolasVEga\FA_8445_NicolasVEga.csproj", "{579555AB-6175-4CE1-B63E-DF167AEEE031}"
EndProject
Project("{888888A0-9F3D-457C-B088-3A5042F75D52}") = "FA_NICOLASVEGAQUISPE", "FA_NICOLASVEGAQUISPE\FA_NICOLASVEGAQUISPE.pyproj", "{8209008D-4DCC-44D3-9A6A-19587BC63CCC}"
EndProject
Global
	GlobalSection(SolutionConfigurationPlatforms) = preSolution
		Debug|Any CPU = Debug|Any CPU
		Release|Any CPU = Release|Any CPU
	EndGlobalSection
	GlobalSection(ProjectConfigurationPlatforms) = postSolution
		{579555AB-6175-4CE1-B63E-DF167AEEE031}.Debug|Any CPU.ActiveCfg = Debug|Any CPU
		{579555AB-6175-4CE1-B63E-DF167AEEE031}.Debug|Any CPU.Build.0 = Debug|Any CPU
		{579555AB-6175-4CE1-B63E-DF167AEEE031}.Release|Any CPU.ActiveCfg = Release|Any CPU
		{579555AB-6175-4CE1-B63E-DF167AEEE031}.Release|Any CPU.Build.0 = Release|Any CPU
		{8209008D-4DCC-44D3-9A6A-19587BC63CCC}.Debug|Any CPU.ActiveCfg = Debug|Any CPU
		{8209008D-4DCC-44D3-9A6A-19587BC63CCC}.Release|Any CPU.ActiveCfg = Release|Any CPU
	EndGlobalSection
	GlobalSection(SolutionProperties) = preSolution
		HideSolutionNode = FALSE
	EndGlobalSection
	GlobalSection(ExtensibilityGlobals) = postSolution
		SolutionGuid = {CA9E1603-87C8-467D-905C-C407ECC95D0F}
	EndGlobalSection
EndGlobal
